<Project xmlns="http://schemas.microsoft.com/developer/msbuild/2003">
    <PropertyGroup>
        <ProjectGuid>{6B57F750-97B8-4FDC-99FA-DE57A94C583E}</ProjectGuid>
        <ProjectVersion>15.3</ProjectVersion>
        <FrameworkType>VCL</FrameworkType>
        <MainSource>RestServer.dpr</MainSource>
        <Base>True</Base>
        <Config Condition="'$(Config)'==''">Debug</Config>
        <Platform Condition="'$(Platform)'==''">Win32</Platform>
        <TargetedPlatforms>1</TargetedPlatforms>
        <AppType>Console</AppType>
    </PropertyGroup>
    <PropertyGroup Condition="'$(Config)'=='Base' or '$(Base)'!=''">
        <Base>true</Base>
    </PropertyGroup>
    <PropertyGroup Condition="('$(Platform)'=='Win32' and '$(Base)'=='true') or '$(Base_Win32)'!=''">
        <Base_Win32>true</Base_Win32>
        <CfgParent>Base</CfgParent>
        <Base>true</Base>
    </PropertyGroup>
    <PropertyGroup Condition="('$(Platform)'=='Win64' and '$(Base)'=='true') or '$(Base_Win64)'!=''">
        <Base_Win64>true</Base_Win64>
        <CfgParent>Base</CfgParent>
        <Base>true</Base>
    </PropertyGroup>
    <PropertyGroup Condition="'$(Config)'=='Debug' or '$(Cfg_1)'!=''">
        <Cfg_1>true</Cfg_1>
        <CfgParent>Base</CfgParent>
        <Base>true</Base>
    </PropertyGroup>
    <PropertyGroup Condition="('$(Platform)'=='Win32' and '$(Cfg_1)'=='true') or '$(Cfg_1_Win32)'!=''">
        <Cfg_1_Win32>true</Cfg_1_Win32>
        <CfgParent>Cfg_1</CfgParent>
        <Cfg_1>true</Cfg_1>
        <Base>true</Base>
    </PropertyGroup>
    <PropertyGroup Condition="'$(Config)'=='Release' or '$(Cfg_2)'!=''">
        <Cfg_2>true</Cfg_2>
        <CfgParent>Base</CfgParent>
        <Base>true</Base>
    </PropertyGroup>
    <PropertyGroup Condition="'$(Base)'!=''">
        <Icns_MainIcns>$(BDS)\bin\delphi_PROJECTICNS.icns</Icns_MainIcns>
        <DCC_Namespace>System;Xml;Data;Datasnap;Web;Soap;Vcl;Vcl.Imaging;Vcl.Touch;Vcl.Samples;Vcl.Shell;$(DCC_Namespace)</DCC_Namespace>
        <DCC_DcuOutput>.\$(Platform)\$(Config)</DCC_DcuOutput>
        <DCC_ExeOutput>.\$(Platform)\$(Config)</DCC_ExeOutput>
        <DCC_E>false</DCC_E>
        <DCC_N>false</DCC_N>
        <DCC_S>false</DCC_S>
        <DCC_F>false</DCC_F>
        <DCC_K>false</DCC_K>
    </PropertyGroup>
    <PropertyGroup Condition="'$(Base_Win32)'!=''">
        <VerInfo_Locale>1033</VerInfo_Locale>
        <DCC_Namespace>Winapi;System.Win;Data.Win;Datasnap.Win;Web.Win;Soap.Win;Xml.Win;Bde;$(DCC_Namespace)</DCC_Namespace>
        <VerInfo_Keys>CompanyName=;FileDescription=;FileVersion=1.0.0.0;InternalName=;LegalCopyright=;LegalTrademarks=;OriginalFilename=;ProductName=;ProductVersion=1.0.0.0;Comments=</VerInfo_Keys>
        <DCC_UsePackage>tmsdXE5;FireDACSqliteDriver;cxBarEditItemRS19;frxDBX19;DBXSqliteDriver;dxPSdxDBTVLnkRS19;FireDACPgDriver;cxDataRS19;cxLibraryRS19;fmx;IndySystem;dxPScxCommonRS19;TeeDB;tmswizdXE5;dxThemeRS19;dxPsPrVwAdvRS19;frx19;cxGridRS19;vclib;inetdbbde;DBXInterBaseDriver;dxPScxExtCommonRS19;DataSnapCommon;rRwControlsVCL190;dacvcl190;frxBDE19;fsADO19;frxADO19;DPFAndroidPackagesXE5;dxmdsRS19;DbxCommonDriver;vclimg;frxSDAC19;dbxcds;frxIBX19;MetropolisUILiveTile;fsDAC19;dxdbtrRS19;frxDAC19;rRwControlsFMX190;vcldb;ProfHTMLEditXE5;sdacfmx190;vcldsnap;dxDockingRS19;tvMobilePack;fmxFireDAC;dxtrmdRS19;CustomIPTransport;dxBarDBNavRS19;vclribbon;dsnap;IndyIPServer;dxPSCoreRS19;fmxase;vcl;IndyCore;IndyIPCommon;CloudService;CodeSiteExpressPkg;FmxTeeUI;FireDACIBDriver;rRwEasyMAPIFMX190;dxBarRS19;cxTreeListdxBarPopupMenuRS19;fsIBX19;crcontrols190;fsSDAC19;dxFireDACServerModeRS19;inetdbxpress;kbmMemRunDXE5Std;cxEditorsRS19;frxe19;JclDeveloperTools;fsBDE19;rRwWebBrowserVCL190;adortl;dxBarExtDBItemsRS19;dxTabbedMDIRS19;rRwEasyMAPIVCL190;sdacvcl190;sdac190;frxDB19;FireDACASADriver;dacfmx190;dxDBXServerModeRS19;dxLayoutControlRS19;dxPSTeeChartRS19;fs19;cxPageControlRS19;vcldbx;cxExportRS19;FireDACODBCDriver;XLSRWII4;rtl;dbrtl;DbxClientDriver;FireDACCommon;dxPScxGridLnkRS19;bindcomp;TourVisioXE5;Tee;cxPageControldxBarPopupMenuRS19;dxServerModeRS19;JclContainers;vclFireDAC;vclSQLMemTabled19;xmlrtl;svnui;ibxpress;dxComnRS19;IndyProtocols;DBXMySQLDriver;FireDACCommonDriver;tmsxlsdXE5;dxPSLnksRS19;vclactnband;soaprtl;bindengine;FMXTee;TeeUI;dxRibbonRS19;dxADOServerModeRS19;bindcompdbx;fsDB19;Jcl;vclie;rRwCommon190;dxPSdxLCLnkRS19;dxBarExtItemsRS19;FireDACADSDriver;vcltouch;rRwWebBrowserFMX190;dac190;rRwEasyMAPI190;fsTee19;VclSmp;FireDAC;VCLRESTComponents;dxGDIPlusRS19;Intraweb;frxTee19;dxCoreRS19;dsnapcon;dRwWebBrowserVCL190;dxPScxTLLnkRS19;inet;frxcs19;fmxobj;JclVcl;FireDACMySQLDriver;vclx;dxPScxPCProdRS19;dxPSDBTeeChartRS19;svn;tmsexdXE5;dxPSPrVwRibbonRS19;fmxdae;dRwWebBrowserFMX190;RESTComponents;bdertl;VirtualTreesR;cxTreeListRS19;dbexpress;FireDACMSAccDriver;IndyIPClient;$(DCC_UsePackage)</DCC_UsePackage>
    </PropertyGroup>
    <PropertyGroup Condition="'$(Base_Win64)'!=''">
        <DCC_UsePackage>FireDACSqliteDriver;cxBarEditItemRS19;DBXSqliteDriver;dxPSdxDBTVLnkRS19;FireDACPgDriver;cxDataRS19;cxLibraryRS19;fmx;IndySystem;dxPScxCommonRS19;TeeDB;dxThemeRS19;dxPsPrVwAdvRS19;cxGridRS19;vclib;DBXInterBaseDriver;dxPScxExtCommonRS19;DataSnapCommon;dxmdsRS19;DbxCommonDriver;vclimg;dbxcds;MetropolisUILiveTile;dxdbtrRS19;vcldb;vcldsnap;dxDockingRS19;tvMobilePack;fmxFireDAC;dxtrmdRS19;CustomIPTransport;dxBarDBNavRS19;vclribbon;dsnap;IndyIPServer;dxPSCoreRS19;fmxase;vcl;IndyCore;IndyIPCommon;CloudService;FmxTeeUI;FireDACIBDriver;dxBarRS19;cxTreeListdxBarPopupMenuRS19;dxFireDACServerModeRS19;inetdbxpress;cxEditorsRS19;adortl;dxBarExtDBItemsRS19;dxTabbedMDIRS19;FireDACASADriver;dxDBXServerModeRS19;dxLayoutControlRS19;dxPSTeeChartRS19;cxPageControlRS19;cxExportRS19;FireDACODBCDriver;rtl;dbrtl;DbxClientDriver;FireDACCommon;dxPScxGridLnkRS19;bindcomp;Tee;cxPageControldxBarPopupMenuRS19;dxServerModeRS19;vclFireDAC;xmlrtl;ibxpress;dxComnRS19;IndyProtocols;DBXMySQLDriver;FireDACCommonDriver;dxPSLnksRS19;vclactnband;soaprtl;bindengine;FMXTee;TeeUI;dxRibbonRS19;dxADOServerModeRS19;bindcompdbx;vclie;dxPSdxLCLnkRS19;dxBarExtItemsRS19;FireDACADSDriver;vcltouch;VclSmp;FireDAC;VCLRESTComponents;dxGDIPlusRS19;Intraweb;dxCoreRS19;dsnapcon;dxPScxTLLnkRS19;inet;fmxobj;FireDACMySQLDriver;vclx;dxPScxPCProdRS19;dxPSDBTeeChartRS19;dxPSPrVwRibbonRS19;fmxdae;RESTComponents;VirtualTreesR;cxTreeListRS19;dbexpress;FireDACMSAccDriver;IndyIPClient;$(DCC_UsePackage)</DCC_UsePackage>
    </PropertyGroup>
    <PropertyGroup Condition="'$(Cfg_1)'!=''">
        <DCC_Define>DEBUG;$(DCC_Define)</DCC_Define>
        <DCC_DebugDCUs>true</DCC_DebugDCUs>
        <DCC_Optimize>false</DCC_Optimize>
        <DCC_GenerateStackFrames>true</DCC_GenerateStackFrames>
        <DCC_DebugInfoInExe>true</DCC_DebugInfoInExe>
        <DCC_RemoteDebug>true</DCC_RemoteDebug>
    </PropertyGroup>
    <PropertyGroup Condition="'$(Cfg_1_Win32)'!=''">
        <DCC_RemoteDebug>false</DCC_RemoteDebug>
    </PropertyGroup>
    <PropertyGroup Condition="'$(Cfg_2)'!=''">
        <DCC_LocalDebugSymbols>false</DCC_LocalDebugSymbols>
        <DCC_Define>RELEASE;$(DCC_Define)</DCC_Define>
        <DCC_SymbolReferenceInfo>0</DCC_SymbolReferenceInfo>
        <DCC_DebugInformation>0</DCC_DebugInformation>
    </PropertyGroup>
    <ItemGroup>
        <DelphiCompile Include="$(MainSource)">
            <MainSource>MainSource</MainSource>
        </DelphiCompile>
        <DCCReference Include="Source\WebModuleUnit1.pas">
            <Form>WebModule1</Form>
            <FormType>dfm</FormType>
            <DesignClass>TWebModule</DesignClass>
        </DCCReference>
        <DCCReference Include="Source\API\API.Login.pas"/>
        <DCCReference Include="Source\API\API.Customer.pas"/>
        <DCCReference Include="Source\API.Utils.pas"/>
        <DCCReference Include="Source\API\Model\Model.Customer.pas"/>
        <DCCReference Include="Source\API\Inject\API.LInject.Login.pas"/>
        <DCCReference Include="Source\API\API.CustomerDetail.pas"/>
        <BuildConfiguration Include="Release">
            <Key>Cfg_2</Key>
            <CfgParent>Base</CfgParent>
        </BuildConfiguration>
        <BuildConfiguration Include="Base">
            <Key>Base</Key>
        </BuildConfiguration>
        <BuildConfiguration Include="Debug">
            <Key>Cfg_1</Key>
            <CfgParent>Base</CfgParent>
        </BuildConfiguration>
    </ItemGroup>
    <ProjectExtensions>
        <Borland.Personality>Delphi.Personality.12</Borland.Personality>
        <Borland.ProjectType/>
        <BorlandProject>
            <Delphi.Personality>
                <VersionInfo>
                    <VersionInfo Name="IncludeVerInfo">False</VersionInfo>
                    <VersionInfo Name="AutoIncBuild">False</VersionInfo>
                    <VersionInfo Name="MajorVer">1</VersionInfo>
                    <VersionInfo Name="MinorVer">0</VersionInfo>
                    <VersionInfo Name="Release">0</VersionInfo>
                    <VersionInfo Name="Build">0</VersionInfo>
                    <VersionInfo Name="Debug">False</VersionInfo>
                    <VersionInfo Name="PreRelease">False</VersionInfo>
                    <VersionInfo Name="Special">False</VersionInfo>
                    <VersionInfo Name="Private">False</VersionInfo>
                    <VersionInfo Name="DLL">False</VersionInfo>
                    <VersionInfo Name="Locale">1055</VersionInfo>
                    <VersionInfo Name="CodePage">1254</VersionInfo>
                </VersionInfo>
                <VersionInfoKeys>
                    <VersionInfoKeys Name="CompanyName"/>
                    <VersionInfoKeys Name="FileDescription"/>
                    <VersionInfoKeys Name="FileVersion">1.0.0.0</VersionInfoKeys>
                    <VersionInfoKeys Name="InternalName"/>
                    <VersionInfoKeys Name="LegalCopyright"/>
                    <VersionInfoKeys Name="LegalTrademarks"/>
                    <VersionInfoKeys Name="OriginalFilename"/>
                    <VersionInfoKeys Name="ProductName"/>
                    <VersionInfoKeys Name="ProductVersion">1.0.0.0</VersionInfoKeys>
                    <VersionInfoKeys Name="Comments"/>
                    <VersionInfoKeys Name="CFBundleName"/>
                    <VersionInfoKeys Name="CFBundleDisplayName"/>
                    <VersionInfoKeys Name="UIDeviceFamily"/>
                    <VersionInfoKeys Name="CFBundleIdentifier"/>
                    <VersionInfoKeys Name="CFBundleVersion"/>
                    <VersionInfoKeys Name="CFBundlePackageType"/>
                    <VersionInfoKeys Name="CFBundleSignature"/>
                    <VersionInfoKeys Name="CFBundleAllowMixedLocalizations"/>
                    <VersionInfoKeys Name="UISupportedInterfaceOrientations"/>
                    <VersionInfoKeys Name="CFBundleExecutable"/>
                    <VersionInfoKeys Name="CFBundleResourceSpecification"/>
                    <VersionInfoKeys Name="LSRequiresIPhoneOS"/>
                    <VersionInfoKeys Name="CFBundleInfoDictionaryVersion"/>
                    <VersionInfoKeys Name="CFBundleDevelopmentRegion"/>
                    <VersionInfoKeys Name="package"/>
                    <VersionInfoKeys Name="label"/>
                    <VersionInfoKeys Name="versionCode"/>
                    <VersionInfoKeys Name="versionName"/>
                    <VersionInfoKeys Name="persistent"/>
                    <VersionInfoKeys Name="restoreAnyVersion"/>
                    <VersionInfoKeys Name="installLocation"/>
                    <VersionInfoKeys Name="largeHeap"/>
                    <VersionInfoKeys Name="theme"/>
                </VersionInfoKeys>
                <Source>
                    <Source Name="MainSource">RestServer.dpr</Source>
                </Source>
            </Delphi.Personality>
            <Deployment/>
            <Platforms>
                <Platform value="Win32">True</Platform>
                <Platform value="Win64">False</Platform>
            </Platforms>
        </BorlandProject>
        <ProjectFileVersion>12</ProjectFileVersion>
    </ProjectExtensions>
    <Import Project="$(BDS)\Bin\CodeGear.Delphi.Targets" Condition="Exists('$(BDS)\Bin\CodeGear.Delphi.Targets')"/>
    <Import Project="$(APPDATA)\Embarcadero\$(BDSAPPDATABASEDIR)\$(PRODUCTVERSION)\UserTools.proj" Condition="Exists('$(APPDATA)\Embarcadero\$(BDSAPPDATABASEDIR)\$(PRODUCTVERSION)\UserTools.proj')"/>
</Project>
